
Microsoft Visual Studio Solution File, Format Version 12.00
# Visual Studio Version 17
VisualStudioVersion = 17.12.35506.116
MinimumVisualStudioVersion = 10.0.40219.1
Project("{2150E333-8FDC-42A3-9474-1A3956D46DE8}") = "Cart Service", "Cart Service", "{868D0B9B-F3C5-42F1-BE99-6B740C9ADEF3}"
EndProject
Project("{2150E333-8FDC-42A3-9474-1A3956D46DE8}") = "Catalog Service", "Catalog Service", "{4C229447-1C87-4DBD-8D27-09F737C65F9F}"
EndProject
Project("{2150E333-8FDC-42A3-9474-1A3956D46DE8}") = "Tests", "Tests", "{5E3531C1-362D-4450-81B6-D50BD9F61C21}"
EndProject
Project("{2150E333-8FDC-42A3-9474-1A3956D46DE8}") = "src", "src", "{B7D56561-4B64-4B4A-B232-AC50EA6FA91D}"
EndProject
Project("{2150E333-8FDC-42A3-9474-1A3956D46DE8}") = "Tests", "Tests", "{95010CA6-8C22-4A99-8D91-9921D7DD9FB8}"
EndProject
Project("{2150E333-8FDC-42A3-9474-1A3956D46DE8}") = "src", "src", "{0F8B4465-C350-454B-BAD6-020CC4143519}"
EndProject
Project("{FAE04EC0-301F-11D3-BF4B-00C04F79EFBC}") = "TestWebApi", "Cart Service\TestWebApi\TestWebApi.csproj", "{A383D9AE-4338-4145-A3E3-331B89468494}"
EndProject
Project("{FAE04EC0-301F-11D3-BF4B-00C04F79EFBC}") = "CartWebApi", "Cart Service\WebApi\CartWebApi.csproj", "{C93596BA-ED3C-49FB-A210-2132C0397006}"
EndProject
Project("{FAE04EC0-301F-11D3-BF4B-00C04F79EFBC}") = "WebApiTest", "Catalog Service\WebApiTest\WebApiTest.csproj", "{D0806E76-664D-4ADA-8624-464D73250515}"
EndProject
Project("{FAE04EC0-301F-11D3-BF4B-00C04F79EFBC}") = "Application", "Catalog Service\Application\Application.csproj", "{98274DAE-B288-4DBE-8D9C-7307A3674CCB}"
EndProject
Project("{FAE04EC0-301F-11D3-BF4B-00C04F79EFBC}") = "Core", "Catalog Service\Core\Core.csproj", "{047E41B9-39A4-4678-BD57-C0C978B6712F}"
EndProject
Project("{FAE04EC0-301F-11D3-BF4B-00C04F79EFBC}") = "Domain", "Catalog Service\Domain\Domain.csproj", "{CF343D69-83D0-47AC-96CE-DFBF51966A2F}"
EndProject
Project("{FAE04EC0-301F-11D3-BF4B-00C04F79EFBC}") = "Infrastructure", "Catalog Service\Infrastructure\Infrastructure.csproj", "{4D60CBD1-28FF-42D5-B925-2B20E4E1FDC9}"
EndProject
Project("{FAE04EC0-301F-11D3-BF4B-00C04F79EFBC}") = "CatalogWebApi", "Catalog Service\WebApi\CatalogWebApi.csproj", "{39C77997-285D-4B7A-8459-A2BE52A90951}"
EndProject
Project("{FAE04EC0-301F-11D3-BF4B-00C04F79EFBC}") = "ApplicationTests", "Catalog Service\ApplicationTests\ApplicationTests.csproj", "{F7613F5A-E628-4D77-A040-9473CB1C543F}"
EndProject
Project("{FAE04EC0-301F-11D3-BF4B-00C04F79EFBC}") = "InfrastructureTest", "Catalog Service\InfrastructureTest\InfrastructureTest.csproj", "{7BBBEC77-6E33-4A18-AE83-58F912DD3A67}"
EndProject
Project("{E53339B2-1760-4266-BCC7-CA923CBCF16C}") = "docker-compose", "docker-compose.dcproj", "{F70437ED-49D3-4530-8EA9-04686E34B114}"
EndProject
Global
	GlobalSection(SolutionConfigurationPlatforms) = preSolution
		Debug|Any CPU = Debug|Any CPU
		Release|Any CPU = Release|Any CPU
	EndGlobalSection
	GlobalSection(ProjectConfigurationPlatforms) = postSolution
		{A383D9AE-4338-4145-A3E3-331B89468494}.Debug|Any CPU.ActiveCfg = Debug|Any CPU
		{A383D9AE-4338-4145-A3E3-331B89468494}.Debug|Any CPU.Build.0 = Debug|Any CPU
		{A383D9AE-4338-4145-A3E3-331B89468494}.Release|Any CPU.ActiveCfg = Release|Any CPU
		{A383D9AE-4338-4145-A3E3-331B89468494}.Release|Any CPU.Build.0 = Release|Any CPU
		{C93596BA-ED3C-49FB-A210-2132C0397006}.Debug|Any CPU.ActiveCfg = Debug|Any CPU
		{C93596BA-ED3C-49FB-A210-2132C0397006}.Debug|Any CPU.Build.0 = Debug|Any CPU
		{C93596BA-ED3C-49FB-A210-2132C0397006}.Release|Any CPU.ActiveCfg = Release|Any CPU
		{C93596BA-ED3C-49FB-A210-2132C0397006}.Release|Any CPU.Build.0 = Release|Any CPU
		{D0806E76-664D-4ADA-8624-464D73250515}.Debug|Any CPU.ActiveCfg = Debug|Any CPU
		{D0806E76-664D-4ADA-8624-464D73250515}.Debug|Any CPU.Build.0 = Debug|Any CPU
		{D0806E76-664D-4ADA-8624-464D73250515}.Release|Any CPU.ActiveCfg = Release|Any CPU
		{D0806E76-664D-4ADA-8624-464D73250515}.Release|Any CPU.Build.0 = Release|Any CPU
		{98274DAE-B288-4DBE-8D9C-7307A3674CCB}.Debug|Any CPU.ActiveCfg = Debug|Any CPU
		{98274DAE-B288-4DBE-8D9C-7307A3674CCB}.Debug|Any CPU.Build.0 = Debug|Any CPU
		{98274DAE-B288-4DBE-8D9C-7307A3674CCB}.Release|Any CPU.ActiveCfg = Release|Any CPU
		{98274DAE-B288-4DBE-8D9C-7307A3674CCB}.Release|Any CPU.Build.0 = Release|Any CPU
		{047E41B9-39A4-4678-BD57-C0C978B6712F}.Debug|Any CPU.ActiveCfg = Debug|Any CPU
		{047E41B9-39A4-4678-BD57-C0C978B6712F}.Debug|Any CPU.Build.0 = Debug|Any CPU
		{047E41B9-39A4-4678-BD57-C0C978B6712F}.Release|Any CPU.ActiveCfg = Release|Any CPU
		{047E41B9-39A4-4678-BD57-C0C978B6712F}.Release|Any CPU.Build.0 = Release|Any CPU
		{CF343D69-83D0-47AC-96CE-DFBF51966A2F}.Debug|Any CPU.ActiveCfg = Debug|Any CPU
		{CF343D69-83D0-47AC-96CE-DFBF51966A2F}.Debug|Any CPU.Build.0 = Debug|Any CPU
		{CF343D69-83D0-47AC-96CE-DFBF51966A2F}.Release|Any CPU.ActiveCfg = Release|Any CPU
		{CF343D69-83D0-47AC-96CE-DFBF51966A2F}.Release|Any CPU.Build.0 = Release|Any CPU
		{4D60CBD1-28FF-42D5-B925-2B20E4E1FDC9}.Debug|Any CPU.ActiveCfg = Debug|Any CPU
		{4D60CBD1-28FF-42D5-B925-2B20E4E1FDC9}.Debug|Any CPU.Build.0 = Debug|Any CPU
		{4D60CBD1-28FF-42D5-B925-2B20E4E1FDC9}.Release|Any CPU.ActiveCfg = Release|Any CPU
		{4D60CBD1-28FF-42D5-B925-2B20E4E1FDC9}.Release|Any CPU.Build.0 = Release|Any CPU
		{39C77997-285D-4B7A-8459-A2BE52A90951}.Debug|Any CPU.ActiveCfg = Debug|Any CPU
		{39C77997-285D-4B7A-8459-A2BE52A90951}.Debug|Any CPU.Build.0 = Debug|Any CPU
		{39C77997-285D-4B7A-8459-A2BE52A90951}.Release|Any CPU.ActiveCfg = Release|Any CPU
		{39C77997-285D-4B7A-8459-A2BE52A90951}.Release|Any CPU.Build.0 = Release|Any CPU
		{F7613F5A-E628-4D77-A040-9473CB1C543F}.Debug|Any CPU.ActiveCfg = Debug|Any CPU
		{F7613F5A-E628-4D77-A040-9473CB1C543F}.Debug|Any CPU.Build.0 = Debug|Any CPU
		{F7613F5A-E628-4D77-A040-9473CB1C543F}.Release|Any CPU.ActiveCfg = Release|Any CPU
		{F7613F5A-E628-4D77-A040-9473CB1C543F}.Release|Any CPU.Build.0 = Release|Any CPU
		{7BBBEC77-6E33-4A18-AE83-58F912DD3A67}.Debug|Any CPU.ActiveCfg = Debug|Any CPU
		{7BBBEC77-6E33-4A18-AE83-58F912DD3A67}.Debug|Any CPU.Build.0 = Debug|Any CPU
		{7BBBEC77-6E33-4A18-AE83-58F912DD3A67}.Release|Any CPU.ActiveCfg = Release|Any CPU
		{7BBBEC77-6E33-4A18-AE83-58F912DD3A67}.Release|Any CPU.Build.0 = Release|Any CPU
		{F70437ED-49D3-4530-8EA9-04686E34B114}.Debug|Any CPU.ActiveCfg = Debug|Any CPU
		{F70437ED-49D3-4530-8EA9-04686E34B114}.Debug|Any CPU.Build.0 = Debug|Any CPU
		{F70437ED-49D3-4530-8EA9-04686E34B114}.Release|Any CPU.ActiveCfg = Release|Any CPU
		{F70437ED-49D3-4530-8EA9-04686E34B114}.Release|Any CPU.Build.0 = Release|Any CPU
	EndGlobalSection
	GlobalSection(SolutionProperties) = preSolution
		HideSolutionNode = FALSE
	EndGlobalSection
	GlobalSection(NestedProjects) = preSolution
		{5E3531C1-362D-4450-81B6-D50BD9F61C21} = {868D0B9B-F3C5-42F1-BE99-6B740C9ADEF3}
		{B7D56561-4B64-4B4A-B232-AC50EA6FA91D} = {868D0B9B-F3C5-42F1-BE99-6B740C9ADEF3}
		{95010CA6-8C22-4A99-8D91-9921D7DD9FB8} = {4C229447-1C87-4DBD-8D27-09F737C65F9F}
		{0F8B4465-C350-454B-BAD6-020CC4143519} = {4C229447-1C87-4DBD-8D27-09F737C65F9F}
		{A383D9AE-4338-4145-A3E3-331B89468494} = {5E3531C1-362D-4450-81B6-D50BD9F61C21}
		{C93596BA-ED3C-49FB-A210-2132C0397006} = {B7D56561-4B64-4B4A-B232-AC50EA6FA91D}
		{D0806E76-664D-4ADA-8624-464D73250515} = {95010CA6-8C22-4A99-8D91-9921D7DD9FB8}
		{98274DAE-B288-4DBE-8D9C-7307A3674CCB} = {0F8B4465-C350-454B-BAD6-020CC4143519}
		{047E41B9-39A4-4678-BD57-C0C978B6712F} = {0F8B4465-C350-454B-BAD6-020CC4143519}
		{CF343D69-83D0-47AC-96CE-DFBF51966A2F} = {0F8B4465-C350-454B-BAD6-020CC4143519}
		{4D60CBD1-28FF-42D5-B925-2B20E4E1FDC9} = {0F8B4465-C350-454B-BAD6-020CC4143519}
		{39C77997-285D-4B7A-8459-A2BE52A90951} = {0F8B4465-C350-454B-BAD6-020CC4143519}
		{F7613F5A-E628-4D77-A040-9473CB1C543F} = {95010CA6-8C22-4A99-8D91-9921D7DD9FB8}
		{7BBBEC77-6E33-4A18-AE83-58F912DD3A67} = {95010CA6-8C22-4A99-8D91-9921D7DD9FB8}
	EndGlobalSection
EndGlobal
